
Microsoft Visual Studio Solution File, Format Version 12.00
# Visual Studio 15
VisualStudioVersion = 15.0.28307.572
MinimumVisualStudioVersion = 10.0.40219.1
Project("{FAE04EC0-301F-11D3-BF4B-00C04F79EFBC}") = "SimpleCNN-With-Winform", "SimpleCNN-With-Winform\SimpleCNN-With-Winform.csproj", "{A2FC75E8-245B-456B-9CED-1877A2D8CDBB}"
EndProject
Global
	GlobalSection(SolutionConfigurationPlatforms) = preSolution
		Debug|Any CPU = Debug|Any CPU
		Release|Any CPU = Release|Any CPU
	EndGlobalSection
	GlobalSection(ProjectConfigurationPlatforms) = postSolution
		{A2FC75E8-245B-456B-9CED-1877A2D8CDBB}.Debug|Any CPU.ActiveCfg = Debug|Any CPU
		{A2FC75E8-245B-456B-9CED-1877A2D8CDBB}.Debug|Any CPU.Build.0 = Debug|Any CPU
		{A2FC75E8-245B-456B-9CED-1877A2D8CDBB}.Release|Any CPU.ActiveCfg = Release|Any CPU
		{A2FC75E8-245B-456B-9CED-1877A2D8CDBB}.Release|Any CPU.Build.0 = Release|Any CPU
	EndGlobalSection
	GlobalSection(SolutionProperties) = preSolution
		HideSolutionNode = FALSE
	EndGlobalSection
	GlobalSection(ExtensibilityGlobals) = postSolution
		SolutionGuid = {2473A989-EF70-4B9F-B78F-E5A9BA802B39}
	EndGlobalSection
EndGlobal
